
Microsoft Visual Studio Solution File, Format Version 12.00
# Visual Studio Version 16
VisualStudioVersion = 16.0.29326.143
MinimumVisualStudioVersion = 10.0.40219.1
Project("{9A19103F-16F7-4668-BE54-9A1E7A4F7556}") = "SimulationApp", "ConsoleApp2\SimulationApp.csproj", "{0F7C332A-38B7-4314-AD3F-91C3D102A545}"
EndProject
Project("{9A19103F-16F7-4668-BE54-9A1E7A4F7556}") = "SimulationLibrary", "SimulationLibrary\SimulationLibrary.csproj", "{9B0AEB34-8DA8-4A79-927A-310D344132CB}"
EndProject
Project("{FAE04EC0-301F-11D3-BF4B-00C04F79EFBC}") = "SimulationTests", "SimulationTests\SimulationTests.csproj", "{E85036C4-4EE2-4249-A9B0-9EB9A33FCAD6}"
EndProject
Global
	GlobalSection(SolutionConfigurationPlatforms) = preSolution
		Debug|Any CPU = Debug|Any CPU
		Release|Any CPU = Release|Any CPU
	EndGlobalSection
	GlobalSection(ProjectConfigurationPlatforms) = postSolution
		{0F7C332A-38B7-4314-AD3F-91C3D102A545}.Debug|Any CPU.ActiveCfg = Debug|Any CPU
		{0F7C332A-38B7-4314-AD3F-91C3D102A545}.Debug|Any CPU.Build.0 = Debug|Any CPU
		{0F7C332A-38B7-4314-AD3F-91C3D102A545}.Release|Any CPU.ActiveCfg = Release|Any CPU
		{0F7C332A-38B7-4314-AD3F-91C3D102A545}.Release|Any CPU.Build.0 = Release|Any CPU
		{9B0AEB34-8DA8-4A79-927A-310D344132CB}.Debug|Any CPU.ActiveCfg = Debug|Any CPU
		{9B0AEB34-8DA8-4A79-927A-310D344132CB}.Debug|Any CPU.Build.0 = Debug|Any CPU
		{9B0AEB34-8DA8-4A79-927A-310D344132CB}.Release|Any CPU.ActiveCfg = Release|Any CPU
		{9B0AEB34-8DA8-4A79-927A-310D344132CB}.Release|Any CPU.Build.0 = Release|Any CPU
		{E85036C4-4EE2-4249-A9B0-9EB9A33FCAD6}.Debug|Any CPU.ActiveCfg = Debug|Any CPU
		{E85036C4-4EE2-4249-A9B0-9EB9A33FCAD6}.Debug|Any CPU.Build.0 = Debug|Any CPU
		{E85036C4-4EE2-4249-A9B0-9EB9A33FCAD6}.Release|Any CPU.ActiveCfg = Release|Any CPU
		{E85036C4-4EE2-4249-A9B0-9EB9A33FCAD6}.Release|Any CPU.Build.0 = Release|Any CPU
	EndGlobalSection
	GlobalSection(SolutionProperties) = preSolution
		HideSolutionNode = FALSE
	EndGlobalSection
	GlobalSection(ExtensibilityGlobals) = postSolution
		SolutionGuid = {84445428-E503-42BC-9366-8A91F153C424}
	EndGlobalSection
EndGlobal
